
Microsoft Visual Studio Solution File, Format Version 12.00
# Visual Studio 15
Project("{FAE04EC0-301F-11D3-BF4B-00C04F79EFBC}") = "DummyApp", "DummyApp\DummyApp.csproj", "{9C11A9FD-7D98-4F5E-A8C4-78ECC381A9F8}"
EndProject
Global
	GlobalSection(SolutionConfigurationPlatforms) = preSolution
		Debug|Any CPU = Debug|Any CPU
		Release|Any CPU = Release|Any CPU
	EndGlobalSection
	GlobalSection(ProjectConfigurationPlatforms) = postSolution
		{9C11A9FD-7D98-4F5E-A8C4-78ECC381A9F8}.Debug|Any CPU.ActiveCfg = Debug|Any CPU
		{9C11A9FD-7D98-4F5E-A8C4-78ECC381A9F8}.Debug|Any CPU.Build.0 = Debug|Any CPU
		{9C11A9FD-7D98-4F5E-A8C4-78ECC381A9F8}.Release|Any CPU.ActiveCfg = Release|Any CPU
		{9C11A9FD-7D98-4F5E-A8C4-78ECC381A9F8}.Release|Any CPU.Build.0 = Release|Any CPU
	EndGlobalSection
EndGlobal
